
Microsoft Visual Studio Solution File, Format Version 12.00
# Visual Studio Version 16
VisualStudioVersion = 16.0.32510.428
MinimumVisualStudioVersion = 10.0.40219.1
Project("{FAE04EC0-301F-11D3-BF4B-00C04F79EFBC}") = "PepinoHealth.App", "PepinoHealth.App\PepinoHealth.App.csproj", "{A68E3552-C62F-4935-9E2E-EB26D28AA446}"
EndProject
Project("{FAE04EC0-301F-11D3-BF4B-00C04F79EFBC}") = "PepinoHealth.CL", "PepinoHealth.CL\PepinoHealth.CL.csproj", "{6B7D1217-0127-417A-9999-2CA197066FD6}"
EndProject
Project("{FAE04EC0-301F-11D3-BF4B-00C04F79EFBC}") = "PepinoHealth.BL", "PepinoHealth.BL\PepinoHealth.BL.csproj", "{DA080D96-6925-4A66-9169-EE945B8226EB}"
EndProject
Project("{FAE04EC0-301F-11D3-BF4B-00C04F79EFBC}") = "PepinoHealth.DL", "PepinoHealth.DL\PepinoHealth.DL.csproj", "{78739DC1-78CA-4901-8177-45280392B1DD}"
EndProject
Project("{FAE04EC0-301F-11D3-BF4B-00C04F79EFBC}") = "PepinoHealth.Auth", "PepinoHealth.Auth\PepinoHealth.Auth.csproj", "{217E8B80-9BE5-4EFC-B116-8FD9DC1524D9}"
EndProject
Global
	GlobalSection(SolutionConfigurationPlatforms) = preSolution
		Debug|Any CPU = Debug|Any CPU
		Release|Any CPU = Release|Any CPU
	EndGlobalSection
	GlobalSection(ProjectConfigurationPlatforms) = postSolution
		{A68E3552-C62F-4935-9E2E-EB26D28AA446}.Debug|Any CPU.ActiveCfg = Debug|Any CPU
		{A68E3552-C62F-4935-9E2E-EB26D28AA446}.Debug|Any CPU.Build.0 = Debug|Any CPU
		{A68E3552-C62F-4935-9E2E-EB26D28AA446}.Release|Any CPU.ActiveCfg = Release|Any CPU
		{A68E3552-C62F-4935-9E2E-EB26D28AA446}.Release|Any CPU.Build.0 = Release|Any CPU
		{6B7D1217-0127-417A-9999-2CA197066FD6}.Debug|Any CPU.ActiveCfg = Debug|Any CPU
		{6B7D1217-0127-417A-9999-2CA197066FD6}.Debug|Any CPU.Build.0 = Debug|Any CPU
		{6B7D1217-0127-417A-9999-2CA197066FD6}.Release|Any CPU.ActiveCfg = Release|Any CPU
		{6B7D1217-0127-417A-9999-2CA197066FD6}.Release|Any CPU.Build.0 = Release|Any CPU
		{DA080D96-6925-4A66-9169-EE945B8226EB}.Debug|Any CPU.ActiveCfg = Debug|Any CPU
		{DA080D96-6925-4A66-9169-EE945B8226EB}.Debug|Any CPU.Build.0 = Debug|Any CPU
		{DA080D96-6925-4A66-9169-EE945B8226EB}.Release|Any CPU.ActiveCfg = Release|Any CPU
		{DA080D96-6925-4A66-9169-EE945B8226EB}.Release|Any CPU.Build.0 = Release|Any CPU
		{78739DC1-78CA-4901-8177-45280392B1DD}.Debug|Any CPU.ActiveCfg = Debug|Any CPU
		{78739DC1-78CA-4901-8177-45280392B1DD}.Debug|Any CPU.Build.0 = Debug|Any CPU
		{78739DC1-78CA-4901-8177-45280392B1DD}.Release|Any CPU.ActiveCfg = Release|Any CPU
		{78739DC1-78CA-4901-8177-45280392B1DD}.Release|Any CPU.Build.0 = Release|Any CPU
		{217E8B80-9BE5-4EFC-B116-8FD9DC1524D9}.Debug|Any CPU.ActiveCfg = Debug|Any CPU
		{217E8B80-9BE5-4EFC-B116-8FD9DC1524D9}.Debug|Any CPU.Build.0 = Debug|Any CPU
		{217E8B80-9BE5-4EFC-B116-8FD9DC1524D9}.Release|Any CPU.ActiveCfg = Release|Any CPU
		{217E8B80-9BE5-4EFC-B116-8FD9DC1524D9}.Release|Any CPU.Build.0 = Release|Any CPU
	EndGlobalSection
	GlobalSection(SolutionProperties) = preSolution
		HideSolutionNode = FALSE
	EndGlobalSection
	GlobalSection(ExtensibilityGlobals) = postSolution
		SolutionGuid = {6E83E80E-24D1-4687-AFF2-65A00E74E6CD}
	EndGlobalSection
EndGlobal
